{
  "name": "my-basic-js",
  "version": "1.0.0",
  "lockfileVersion": 1,
  "requires": true,
  "dependencies": {
    "loadjs": {
      "version": "4.2.0",
      "resolved": "https://registry.npmjs.org/loadjs/-/loadjs-4.2.0.tgz",
      "integrity": "sha512-AgQGZisAlTPbTEzrHPb6q+NYBMD+DP9uvGSIjSUM5uG+0jG15cb8axWpxuOIqrmQjn6scaaH8JwloiP27b2KXA=="
    },
    "run-func": {
      "version": "1.0.5",
      "resolved": "https://registry.npmjs.org/run-func/-/run-func-1.0.5.tgz",
      "integrity": "sha512-v+Iopip1KE00OFRwIpLdLUsMXHDErktYAMYevTvCCwTBQWF+7z+vy886FUrOOBIwyX5OJC6tLdRKyzYHOfHQug=="
    }
  }
}
